
Microsoft Visual Studio Solution File, Format Version 12.00
Project("{FAE04EC0-301F-11D3-BF4B-00C04F79EFBC}") = "Questionable", "Questionable\Questionable.csproj", "{C91EEF13-A1AC-4A40-B695-DD4E378E5989}"
EndProject
Project("{FAE04EC0-301F-11D3-BF4B-00C04F79EFBC}") = "LLib", "LLib\LLib.csproj", "{EEDE3BBE-E260-445E-8FB3-1264E0CBBE91}"
EndProject
Global
	GlobalSection(SolutionConfigurationPlatforms) = preSolution
		Debug|Any CPU = Debug|Any CPU
		Release|Any CPU = Release|Any CPU
	EndGlobalSection
	GlobalSection(ProjectConfigurationPlatforms) = postSolution
		{C91EEF13-A1AC-4A40-B695-DD4E378E5989}.Debug|Any CPU.ActiveCfg = Debug|Any CPU
		{C91EEF13-A1AC-4A40-B695-DD4E378E5989}.Debug|Any CPU.Build.0 = Debug|Any CPU
		{C91EEF13-A1AC-4A40-B695-DD4E378E5989}.Release|Any CPU.ActiveCfg = Release|Any CPU
		{C91EEF13-A1AC-4A40-B695-DD4E378E5989}.Release|Any CPU.Build.0 = Release|Any CPU
		{EEDE3BBE-E260-445E-8FB3-1264E0CBBE91}.Debug|Any CPU.ActiveCfg = Debug|Any CPU
		{EEDE3BBE-E260-445E-8FB3-1264E0CBBE91}.Debug|Any CPU.Build.0 = Debug|Any CPU
		{EEDE3BBE-E260-445E-8FB3-1264E0CBBE91}.Release|Any CPU.ActiveCfg = Release|Any CPU
		{EEDE3BBE-E260-445E-8FB3-1264E0CBBE91}.Release|Any CPU.Build.0 = Release|Any CPU
	EndGlobalSection
EndGlobal
